
Microsoft Visual Studio Solution File, Format Version 12.00
# Visual Studio 15
VisualStudioVersion = 15.0.28307.1000
MinimumVisualStudioVersion = 10.0.40219.1
Project("{FAE04EC0-301F-11D3-BF4B-00C04F79EFBC}") = "TimeClock", "TimeClock\TimeClock.csproj", "{4251741D-3ABA-4228-A875-4D1B2F9902FB}"
EndProject
Global
	GlobalSection(SolutionConfigurationPlatforms) = preSolution
		Debug|Any CPU = Debug|Any CPU
		Release|Any CPU = Release|Any CPU
	EndGlobalSection
	GlobalSection(ProjectConfigurationPlatforms) = postSolution
		{4251741D-3ABA-4228-A875-4D1B2F9902FB}.Debug|Any CPU.ActiveCfg = Debug|Any CPU
		{4251741D-3ABA-4228-A875-4D1B2F9902FB}.Debug|Any CPU.Build.0 = Debug|Any CPU
		{4251741D-3ABA-4228-A875-4D1B2F9902FB}.Release|Any CPU.ActiveCfg = Release|Any CPU
		{4251741D-3ABA-4228-A875-4D1B2F9902FB}.Release|Any CPU.Build.0 = Release|Any CPU
	EndGlobalSection
	GlobalSection(SolutionProperties) = preSolution
		HideSolutionNode = FALSE
	EndGlobalSection
	GlobalSection(ExtensibilityGlobals) = postSolution
		SolutionGuid = {19FE51E5-1A7F-4C7E-96EB-6B9474426838}
	EndGlobalSection
EndGlobal
